// !$*UTF8*$!
{
	archiveVersion = 1;
	classes = {
	};
	objectVersion = 46;
	objects = {

/* Begin PBXBuildFile section */
		09618DA61F01895700A3AD84 /* AppDelegate.swift in Sources */ = {isa = PBXBuildFile; fileRef = 09618DA51F01895700A3AD84 /* AppDelegate.swift */; };
		09618DA81F01895700A3AD84 /* ViewController.swift in Sources */ = {isa = PBXBuildFile; fileRef = 09618DA71F01895700A3AD84 /* ViewController.swift */; };
		09618DAB1F01895700A3AD84 /* Main.storyboard in Resources */ = {isa = PBXBuildFile; fileRef = 09618DA91F01895700A3AD84 /* Main.storyboard */; };
		09618DAD1F01895700A3AD84 /* Assets.xcassets in Resources */ = {isa = PBXBuildFile; fileRef = 09618DAC1F01895700A3AD84 /* Assets.xcassets */; };
		09618DB01F01895700A3AD84 /* LaunchScreen.storyboard in Resources */ = {isa = PBXBuildFile; fileRef = 09618DAE1F01895700A3AD84 /* LaunchScreen.storyboard */; };
		09618DBB1F01895700A3AD84 /* ParseChatTests.swift in Sources */ = {isa = PBXBuildFile; fileRef = 09618DBA1F01895700A3AD84 /* ParseChatTests.swift */; };
		09618DC61F01895700A3AD84 /* ParseChatUITests.swift in Sources */ = {isa = PBXBuildFile; fileRef = 09618DC51F01895700A3AD84 /* ParseChatUITests.swift */; };
/* End PBXBuildFile section */

/* Begin PBXContainerItemProxy section */
		09618DB71F01895700A3AD84 /* PBXContainerItemProxy */ = {
			isa = PBXContainerItemProxy;
			containerPortal = 09618D9A1F01895700A3AD84 /* Project object */;
			proxyType = 1;
			remoteGlobalIDString = 09618DA11F01895700A3AD84;
			remoteInfo = ParseChat;
		};
		09618DC21F01895700A3AD84 /* PBXContainerItemProxy */ = {
			isa = PBXContainerItemProxy;
			containerPortal = 09618D9A1F01895700A3AD84 /* Project object */;
			proxyType = 1;
			remoteGlobalIDString = 09618DA11F01895700A3AD84;
			remoteInfo = ParseChat;
		};
/* End PBXContainerItemProxy section */

/* Begin PBXFileReference section */
		09618DA21F01895700A3AD84 /* ParseChat.app */ = {isa = PBXFileReference; explicitFileType = wrapper.application; includeInIndex = 0; path = ParseChat.app; sourceTree = BUILT_PRODUCTS_DIR; };
		09618DA51F01895700A3AD84 /* AppDelegate.swift */ = {isa = PBXFileReference; lastKnownFileType = sourcecode.swift; path = AppDelegate.swift; sourceTree = "<group>"; };
		09618DA71F01895700A3AD84 /* ViewController.swift */ = {isa = PBXFileReference; lastKnownFileType = sourcecode.swift; path = ViewController.swift; sourceTree = "<group>"; };
		09618DAA1F01895700A3AD84 /* Base */ = {isa = PBXFileReference; lastKnownFileType = file.storyboard; name = Base; path = Base.lproj/Main.storyboard; sourceTree = "<group>"; };
		09618DAC1F01895700A3AD84 /* Assets.xcassets */ = {isa = PBXFileReference; lastKnownFileType = folder.assetcatalog; path = Assets.xcassets; sourceTree = "<group>"; };
		09618DAF1F01895700A3AD84 /* Base */ = {isa = PBXFileReference; lastKnownFileType = file.storyboard; name = Base; path = Base.lproj/LaunchScreen.storyboard; sourceTree = "<group>"; };
		09618DB11F01895700A3AD84 /* Info.plist */ = {isa = PBXFileReference; lastKnownFileType = text.plist.xml; path = Info.plist; sourceTree = "<group>"; };
		09618DB61F01895700A3AD84 /* ParseChatTests.xctest */ = {isa = PBXFileReference; explicitFileType = wrapper.cfbundle; includeInIndex = 0; path = ParseChatTests.xctest; sourceTree = BUILT_PRODUCTS_DIR; };
		09618DBA1F01895700A3AD84 /* ParseChatTests.swift */ = {isa = PBXFileReference; lastKnownFileType = sourcecode.swift; path = ParseChatTests.swift; sourceTree = "<group>"; };
		09618DBC1F01895700A3AD84 /* Info.plist */ = {isa = PBXFileReference; lastKnownFileType = text.plist.xml; path = Info.plist; sourceTree = "<group>"; };
		09618DC11F01895700A3AD84 /* ParseChatUITests.xctest */ = {isa = PBXFileReference; explicitFileType = wrapper.cfbundle; includeInIndex = 0; path = ParseChatUITests.xctest; sourceTree = BUILT_PRODUCTS_DIR; };
		09618DC51F01895700A3AD84 /* ParseChatUITests.swift */ = {isa = PBXFileReference; lastKnownFileType = sourcecode.swift; path = ParseChatUITests.swift; sourceTree = "<group>"; };
		09618DC71F01895700A3AD84 /* Info.plist */ = {isa = PBXFileReference; lastKnownFileType = text.plist.xml; path = Info.plist; sourceTree = "<group>"; };
/* End PBXFileReference section */

/* Begin PBXFrameworksBuildPhase section */
		09618D9F1F01895700A3AD84 /* Frameworks */ = {
			isa = PBXFrameworksBuildPhase;
			buildActionMask = 2147483647;
			files = (
			);
			runOnlyForDeploymentPostprocessing = 0;
		};
		09618DB31F01895700A3AD84 /* Frameworks */ = {
			isa = PBXFrameworksBuildPhase;
			buildActionMask = 2147483647;
			files = (
			);
			runOnlyForDeploymentPostprocessing = 0;
		};
		09618DBE1F01895700A3AD84 /* Frameworks */ = {
			isa = PBXFrameworksBuildPhase;
			buildActionMask = 2147483647;
			files = (
			);
			runOnlyForDeploymentPostprocessing = 0;
		};
/* End PBXFrameworksBuildPhase section */

/* Begin PBXGroup section */
		09618D991F01895700A3AD84 = {
			isa = PBXGroup;
			children = (
				09618DA41F01895700A3AD84 /* ParseChat */,
				09618DB91F01895700A3AD84 /* ParseChatTests */,
				09618DC41F01895700A3AD84 /* ParseChatUITests */,
				09618DA31F01895700A3AD84 /* Products */,
			);
			sourceTree = "<group>";
		};
		09618DA31F01895700A3AD84 /* Products */ = {
			isa = PBXGroup;
			children = (
				09618DA21F01895700A3AD84 /* ParseChat.app */,
				09618DB61F01895700A3AD84 /* ParseChatTests.xctest */,
				09618DC11F01895700A3AD84 /* ParseChatUITests.xctest */,
			);
			name = Products;
			sourceTree = "<group>";
		};
		09618DA41F01895700A3AD84 /* ParseChat */ = {
			isa = PBXGroup;
			children = (
				09618DA51F01895700A3AD84 /* AppDelegate.swift */,
				09618DA71F01895700A3AD84 /* ViewController.swift */,
				09618DA91F01895700A3AD84 /* Main.storyboard */,
				09618DAC1F01895700A3AD84 /* Assets.xcassets */,
				09618DAE1F01895700A3AD84 /* LaunchScreen.storyboard */,
				09618DB11F01895700A3AD84 /* Info.plist */,
			);
			path = ParseChat;
			sourceTree = "<group>";
		};
		09618DB91F01895700A3AD84 /* ParseChatTests */ = {
			isa = PBXGroup;
			children = (
				09618DBA1F01895700A3AD84 /* ParseChatTests.swift */,
				09618DBC1F01895700A3AD84 /* Info.plist */,
			);
			path = ParseChatTests;
			sourceTree = "<group>";
		};
		09618DC41F01895700A3AD84 /* ParseChatUITests */ = {
			isa = PBXGroup;
			children = (
				09618DC51F01895700A3AD84 /* ParseChatUITests.swift */,
				09618DC71F01895700A3AD84 /* Info.plist */,
			);
			path = ParseChatUITests;
			sourceTree = "<group>";
		};
/* End PBXGroup section */

/* Begin PBXNativeTarget section */
		09618DA11F01895700A3AD84 /* ParseChat */ = {
			isa = PBXNativeTarget;
			buildConfigurationList = 09618DCA1F01895700A3AD84 /* Build configuration list for PBXNativeTarget "ParseChat" */;
			buildPhases = (
				09618D9E1F01895700A3AD84 /* Sources */,
				09618D9F1F01895700A3AD84 /* Frameworks */,
				09618DA01F01895700A3AD84 /* Resources */,
			);
			buildRules = (
			);
			dependencies = (
			);
			name = ParseChat;
			productName = ParseChat;
			productReference = 09618DA21F01895700A3AD84 /* ParseChat.app */;
			productType = "com.apple.product-type.application";
		};
		09618DB51F01895700A3AD84 /* ParseChatTests */ = {
			isa = PBXNativeTarget;
			buildConfigurationList = 09618DCD1F01895700A3AD84 /* Build configuration list for PBXNativeTarget "ParseChatTests" */;
			buildPhases = (
				09618DB21F01895700A3AD84 /* Sources */,
				09618DB31F01895700A3AD84 /* Frameworks */,
				09618DB41F01895700A3AD84 /* Resources */,
			);
			buildRules = (
			);
			dependencies = (
				09618DB81F01895700A3AD84 /* PBXTargetDependency */,
			);
			name = ParseChatTests;
			productName = ParseChatTests;
			productReference = 09618DB61F01895700A3AD84 /* ParseChatTests.xctest */;
			productType = "com.apple.product-type.bundle.unit-test";
		};
		09618DC01F01895700A3AD84 /* ParseChatUITests */ = {
			isa = PBXNativeTarget;
			buildConfigurationList = 09618DD01F01895700A3AD84 /* Build configuration list for PBXNativeTarget "ParseChatUITests" */;
			buildPhases = (
				09618DBD1F01895700A3AD84 /* Sources */,
				09618DBE1F01895700A3AD84 /* Frameworks */,
				09618DBF1F01895700A3AD84 /* Resources */,
			);
			buildRules = (
			);
			dependencies = (
				09618DC31F01895700A3AD84 /* PBXTargetDependency */,
			);
			name = ParseChatUITests;
			productName = ParseChatUITests;
			productReference = 09618DC11F01895700A3AD84 /* ParseChatUITests.xctest */;
			productType = "com.apple.product-type.bundle.ui-testing";
		};
/* End PBXNativeTarget section */

/* Begin PBXProject section */
		09618D9A1F01895700A3AD84 /* Project object */ = {
			isa = PBXProject;
			attributes = {
				LastSwiftUpdateCheck = 0830;
				LastUpgradeCheck = 0830;
				ORGANIZATIONNAME = "Rhian Chavez";
				TargetAttributes = {
					09618DA11F01895700A3AD84 = {
						CreatedOnToolsVersion = 8.3.3;
						DevelopmentTeam = S5MHKF47DJ;
						ProvisioningStyle = Automatic;
					};
					09618DB51F01895700A3AD84 = {
						CreatedOnToolsVersion = 8.3.3;
						DevelopmentTeam = S5MHKF47DJ;
						ProvisioningStyle = Automatic;
						TestTargetID = 09618DA11F01895700A3AD84;
					};
					09618DC01F01895700A3AD84 = {
						CreatedOnToolsVersion = 8.3.3;
						DevelopmentTeam = S5MHKF47DJ;
						ProvisioningStyle = Automatic;
						TestTargetID = 09618DA11F01895700A3AD84;
					};
				};
			};
			buildConfigurationList = 09618D9D1F01895700A3AD84 /* Build configuration list for PBXProject "ParseChat" */;
			compatibilityVersion = "Xcode 3.2";
			developmentRegion = English;
			hasScannedForEncodings = 0;
			knownRegions = (
				en,
				Base,
			);
			mainGroup = 09618D991F01895700A3AD84;
			productRefGroup = 09618DA31F01895700A3AD84 /* Products */;
			projectDirPath = "";
			projectRoot = "";
			targets = (
				09618DA11F01895700A3AD84 /* ParseChat */,
				09618DB51F01895700A3AD84 /* ParseChatTests */,
				09618DC01F01895700A3AD84 /* ParseChatUITests */,
			);
		};
/* End PBXProject section */

/* Begin PBXResourcesBuildPhase section */
		09618DA01F01895700A3AD84 /* Resources */ = {
			isa = PBXResourcesBuildPhase;
			buildActionMask = 2147483647;
			files = (
				09618DB01F01895700A3AD84 /* LaunchScreen.storyboard in Resources */,
				09618DAD1F01895700A3AD84 /* Assets.xcassets in Resources */,
				09618DAB1F01895700A3AD84 /* Main.storyboard in Resources */,
			);
			runOnlyForDeploymentPostprocessing = 0;
		};
		09618DB41F01895700A3AD84 /* Resources */ = {
			isa = PBXResourcesBuildPhase;
			buildActionMask = 2147483647;
			files = (
			);
			runOnlyForDeploymentPostprocessing = 0;
		};
		09618DBF1F01895700A3AD84 /* Resources */ = {
			isa = PBXResourcesBuildPhase;
			buildActionMask = 2147483647;
			files = (
			);
			runOnlyForDeploymentPostprocessing = 0;
		};
/* End PBXResourcesBuildPhase section */

/* Begin PBXSourcesBuildPhase section */
		09618D9E1F01895700A3AD84 /* Sources */ = {
			isa = PBXSourcesBuildPhase;
			buildActionMask = 2147483647;
			files = (
				09618DA81F01895700A3AD84 /* ViewController.swift in Sources */,
				09618DA61F01895700A3AD84 /* AppDelegate.swift in Sources */,
			);
			runOnlyForDeploymentPostprocessing = 0;
		};
		09618DB21F01895700A3AD84 /* Sources */ = {
			isa = PBXSourcesBuildPhase;
			buildActionMask = 2147483647;
			files = (
				09618DBB1F01895700A3AD84 /* ParseChatTests.swift in Sources */,
			);
			runOnlyForDeploymentPostprocessing = 0;
		};
		09618DBD1F01895700A3AD84 /* Sources */ = {
			isa = PBXSourcesBuildPhase;
			buildActionMask = 2147483647;
			files = (
				09618DC61F01895700A3AD84 /* ParseChatUITests.swift in Sources */,
			);
			runOnlyForDeploymentPostprocessing = 0;
		};
/* End PBXSourcesBuildPhase section */

/* Begin PBXTargetDependency section */
		09618DB81F01895700A3AD84 /* PBXTargetDependency */ = {
			isa = PBXTargetDependency;
			target = 09618DA11F01895700A3AD84 /* ParseChat */;
			targetProxy = 09618DB71F01895700A3AD84 /* PBXContainerItemProxy */;
		};
		09618DC31F01895700A3AD84 /* PBXTargetDependency */ = {
			isa = PBXTargetDependency;
			target = 09618DA11F01895700A3AD84 /* ParseChat */;
			targetProxy = 09618DC21F01895700A3AD84 /* PBXContainerItemProxy */;
		};
/* End PBXTargetDependency section */

/* Begin PBXVariantGroup section */
		09618DA91F01895700A3AD84 /* Main.storyboard */ = {
			isa = PBXVariantGroup;
			children = (
				09618DAA1F01895700A3AD84 /* Base */,
			);
			name = Main.storyboard;
			sourceTree = "<group>";
		};
		09618DAE1F01895700A3AD84 /* LaunchScreen.storyboard */ = {
			isa = PBXVariantGroup;
			children = (
				09618DAF1F01895700A3AD84 /* Base */,
			);
			name = LaunchScreen.storyboard;
			sourceTree = "<group>";
		};
/* End PBXVariantGroup section */

/* Begin XCBuildConfiguration section */
		09618DC81F01895700A3AD84 /* Debug */ = {
			isa = XCBuildConfiguration;
			buildSettings = {
				ALWAYS_SEARCH_USER_PATHS = NO;
				CLANG_ANALYZER_NONNULL = YES;
				CLANG_ANALYZER_NUMBER_OBJECT_CONVERSION = YES_AGGRESSIVE;
				CLANG_CXX_LANGUAGE_STANDARD = "gnu++0x";
				CLANG_CXX_LIBRARY = "libc++";
				CLANG_ENABLE_MODULES = YES;
				CLANG_ENABLE_OBJC_ARC = YES;
				CLANG_WARN_BOOL_CONVERSION = YES;
				CLANG_WARN_CONSTANT_CONVERSION = YES;
				CLANG_WARN_DIRECT_OBJC_ISA_USAGE = YES_ERROR;
				CLANG_WARN_DOCUMENTATION_COMMENTS = YES;
				CLANG_WARN_EMPTY_BODY = YES;
				CLANG_WARN_ENUM_CONVERSION = YES;
				CLANG_WARN_INFINITE_RECURSION = YES;
				CLANG_WARN_INT_CONVERSION = YES;
				CLANG_WARN_OBJC_ROOT_CLASS = YES_ERROR;
				CLANG_WARN_SUSPICIOUS_MOVE = YES;
				CLANG_WARN_UNREACHABLE_CODE = YES;
				CLANG_WARN__DUPLICATE_METHOD_MATCH = YES;
				"CODE_SIGN_IDENTITY[sdk=iphoneos*]" = "iPhone Developer";
				COPY_PHASE_STRIP = NO;
				DEBUG_INFORMATION_FORMAT = dwarf;
				ENABLE_STRICT_OBJC_MSGSEND = YES;
				ENABLE_TESTABILITY = YES;
				GCC_C_LANGUAGE_STANDARD = gnu99;
				GCC_DYNAMIC_NO_PIC = NO;
				GCC_NO_COMMON_BLOCKS = YES;
				GCC_OPTIMIZATION_LEVEL = 0;
				GCC_PREPROCESSOR_DEFINITIONS = (
					"DEBUG=1",
					"$(inherited)",
				);
				GCC_WARN_64_TO_32_BIT_CONVERSION = YES;
				GCC_WARN_ABOUT_RETURN_TYPE = YES_ERROR;
				GCC_WARN_UNDECLARED_SELECTOR = YES;
				GCC_WARN_UNINITIALIZED_AUTOS = YES_AGGRESSIVE;
				GCC_WARN_UNUSED_FUNCTION = YES;
				GCC_WARN_UNUSED_VARIABLE = YES;
				IPHONEOS_DEPLOYMENT_TARGET = 10.3;
				MTL_ENABLE_DEBUG_INFO = YES;
				ONLY_ACTIVE_ARCH = YES;
				SDKROOT = iphoneos;
				SWIFT_ACTIVE_COMPILATION_CONDITIONS = DEBUG;
				SWIFT_OPTIMIZATION_LEVEL = "-Onone";
			};
			name = Debug;
		};
		09618DC91F01895700A3AD84 /* Release */ = {
			isa = XCBuildConfiguration;
			buildSettings = {
				ALWAYS_SEARCH_USER_PATHS = NO;
				CLANG_ANALYZER_NONNULL = YES;
				CLANG_ANALYZER_NUMBER_OBJECT_CONVERSION = YES_AGGRESSIVE;
				CLANG_CXX_LANGUAGE_STANDARD = "gnu++0x";
				CLANG_CXX_LIBRARY = "libc++";
				CLANG_ENABLE_MODULES = YES;
				CLANG_ENABLE_OBJC_ARC = YES;
				CLANG_WARN_BOOL_CONVERSION = YES;
				CLANG_WARN_CONSTANT_CONVERSION = YES;
				CLANG_WARN_DIRECT_OBJC_ISA_USAGE = YES_ERROR;
				CLANG_WARN_DOCUMENTATION_COMMENTS = YES;
				CLANG_WARN_EMPTY_BODY = YES;
				CLANG_WARN_ENUM_CONVERSION = YES;
				CLANG_WARN_INFINITE_RECURSION = YES;
				CLANG_WARN_INT_CONVERSION = YES;
				CLANG_WARN_OBJC_ROOT_CLASS = YES_ERROR;
				CLANG_WARN_SUSPICIOUS_MOVE = YES;
				CLANG_WARN_UNREACHABLE_CODE = YES;
				CLANG_WARN__DUPLICATE_METHOD_MATCH = YES;
				"CODE_SIGN_IDENTITY[sdk=iphoneos*]" = "iPhone Developer";
				COPY_PHASE_STRIP = NO;
				DEBUG_INFORMATION_FORMAT = "dwarf-with-dsym";
				ENABLE_NS_ASSERTIONS = NO;
				ENABLE_STRICT_OBJC_MSGSEND = YES;
				GCC_C_LANGUAGE_STANDARD = gnu99;
				GCC_NO_COMMON_BLOCKS = YES;
				GCC_WARN_64_TO_32_BIT_CONVERSION = YES;
				GCC_WARN_ABOUT_RETURN_TYPE = YES_ERROR;
				GCC_WARN_UNDECLARED_SELECTOR = YES;
				GCC_WARN_UNINITIALIZED_AUTOS = YES_AGGRESSIVE;
				GCC_WARN_UNUSED_FUNCTION = YES;
				GCC_WARN_UNUSED_VARIABLE = YES;
				IPHONEOS_DEPLOYMENT_TARGET = 10.3;
				MTL_ENABLE_DEBUG_INFO = NO;
				SDKROOT = iphoneos;
				SWIFT_OPTIMIZATION_LEVEL = "-Owholemodule";
				VALIDATE_PRODUCT = YES;
			};
			name = Release;
		};
		09618DCB1F01895700A3AD84 /* Debug */ = {
			isa = XCBuildConfiguration;
			buildSettings = {
				ASSETCATALOG_COMPILER_APPICON_NAME = AppIcon;
				DEVELOPMENT_TEAM = S5MHKF47DJ;
				INFOPLIST_FILE = ParseChat/Info.plist;
				LD_RUNPATH_SEARCH_PATHS = "$(inherited) @executable_path/Frameworks";
				PRODUCT_BUNDLE_IDENTIFIER = com.rhian.ParseChat;
				PRODUCT_NAME = "$(TARGET_NAME)";
				SWIFT_VERSION = 3.0;
			};
			name = Debug;
		};
		09618DCC1F01895700A3AD84 /* Release */ = {
			isa = XCBuildConfiguration;
			buildSettings = {
				ASSETCATALOG_COMPILER_APPICON_NAME = AppIcon;
				DEVELOPMENT_TEAM = S5MHKF47DJ;
				INFOPLIST_FILE = ParseChat/Info.plist;
				LD_RUNPATH_SEARCH_PATHS = "$(inherited) @executable_path/Frameworks";
				PRODUCT_BUNDLE_IDENTIFIER = com.rhian.ParseChat;
				PRODUCT_NAME = "$(TARGET_NAME)";
				SWIFT_VERSION = 3.0;
			};
			name = Release;
		};
		09618DCE1F01895700A3AD84 /* Debug */ = {
			isa = XCBuildConfiguration;
			buildSettings = {
				ALWAYS_EMBED_SWIFT_STANDARD_LIBRARIES = YES;
				BUNDLE_LOADER = "$(TEST_HOST)";
				DEVELOPMENT_TEAM = S5MHKF47DJ;
				INFOPLIST_FILE = ParseChatTests/Info.plist;
				LD_RUNPATH_SEARCH_PATHS = "$(inherited) @executable_path/Frameworks @loader_path/Frameworks";
				PRODUCT_BUNDLE_IDENTIFIER = com.rhian.ParseChatTests;
				PRODUCT_NAME = "$(TARGET_NAME)";
				SWIFT_VERSION = 3.0;
				TEST_HOST = "$(BUILT_PRODUCTS_DIR)/ParseChat.app/ParseChat";
			};
			name = Debug;
		};
		09618DCF1F01895700A3AD84 /* Release */ = {
			isa = XCBuildConfiguration;
			buildSettings = {
				ALWAYS_EMBED_SWIFT_STANDARD_LIBRARIES = YES;
				BUNDLE_LOADER = "$(TEST_HOST)";
				DEVELOPMENT_TEAM = S5MHKF47DJ;
				INFOPLIST_FILE = ParseChatTests/Info.plist;
				LD_RUNPATH_SEARCH_PATHS = "$(inherited) @executable_path/Frameworks @loader_path/Frameworks";
				PRODUCT_BUNDLE_IDENTIFIER = com.rhian.ParseChatTests;
				PRODUCT_NAME = "$(TARGET_NAME)";
				SWIFT_VERSION = 3.0;
				TEST_HOST = "$(BUILT_PRODUCTS_DIR)/ParseChat.app/ParseChat";
			};
			name = Release;
		};
		09618DD11F01895700A3AD84 /* Debug */ = {
			isa = XCBuildConfiguration;
			buildSettings = {
				ALWAYS_EMBED_SWIFT_STANDARD_LIBRARIES = YES;
				DEVELOPMENT_TEAM = S5MHKF47DJ;
				INFOPLIST_FILE = ParseChatUITests/Info.plist;
				LD_RUNPATH_SEARCH_PATHS = "$(inherited) @executable_path/Frameworks @loader_path/Frameworks";
				PRODUCT_BUNDLE_IDENTIFIER = com.rhian.ParseChatUITests;
				PRODUCT_NAME = "$(TARGET_NAME)";
				SWIFT_VERSION = 3.0;
				TEST_TARGET_NAME = ParseChat;
			};
			name = Debug;
		};
		09618DD21F01895700A3AD84 /* Release */ = {
			isa = XCBuildConfiguration;
			buildSettings = {
				ALWAYS_EMBED_SWIFT_STANDARD_LIBRARIES = YES;
				DEVELOPMENT_TEAM = S5MHKF47DJ;
				INFOPLIST_FILE = ParseChatUITests/Info.plist;
				LD_RUNPATH_SEARCH_PATHS = "$(inherited) @executable_path/Frameworks @loader_path/Frameworks";
				PRODUCT_BUNDLE_IDENTIFIER = com.rhian.ParseChatUITests;
				PRODUCT_NAME = "$(TARGET_NAME)";
				SWIFT_VERSION = 3.0;
				TEST_TARGET_NAME = ParseChat;
			};
			name = Release;
		};
/* End XCBuildConfiguration section */

/* Begin XCConfigurationList section */
		09618D9D1F01895700A3AD84 /* Build configuration list for PBXProject "ParseChat" */ = {
			isa = XCConfigurationList;
			buildConfigurations = (
				09618DC81F01895700A3AD84 /* Debug */,
				09618DC91F01895700A3AD84 /* Release */,
			);
			defaultConfigurationIsVisible = 0;
			defaultConfigurationName = Release;
		};
		09618DCA1F01895700A3AD84 /* Build configuration list for PBXNativeTarget "ParseChat" */ = {
			isa = XCConfigurationList;
			buildConfigurations = (
				09618DCB1F01895700A3AD84 /* Debug */,
				09618DCC1F01895700A3AD84 /* Release */,
			);
			defaultConfigurationIsVisible = 0;
		};
		09618DCD1F01895700A3AD84 /* Build configuration list for PBXNativeTarget "ParseChatTests" */ = {
			isa = XCConfigurationList;
			buildConfigurations = (
				09618DCE1F01895700A3AD84 /* Debug */,
				09618DCF1F01895700A3AD84 /* Release */,
			);
			defaultConfigurationIsVisible = 0;
		};
		09618DD01F01895700A3AD84 /* Build configuration list for PBXNativeTarget "ParseChatUITests" */ = {
			isa = XCConfigurationList;
			buildConfigurations = (
				09618DD11F01895700A3AD84 /* Debug */,
				09618DD21F01895700A3AD84 /* Release */,
			);
			defaultConfigurationIsVisible = 0;
		};
/* End XCConfigurationList section */
	};
	rootObject = 09618D9A1F01895700A3AD84 /* Project object */;
}
